
Microsoft Visual Studio Solution File, Format Version 12.00
# Visual Studio Version 17
VisualStudioVersion = 17.8.34511.84
MinimumVisualStudioVersion = 10.0.40219.1
Project("{8BC9CEB8-8B4A-11D0-8D11-00A0C91BC942}") = "SpybotServer", "SpybotServer\SpybotServer.vcxproj", "{E4063D2F-112D-4A1F-8B96-59F0F86B0B28}"
	ProjectSection(ProjectDependencies) = postProject
		{775ED287-5132-49AD-B3AA-3B125F019FB8} = {775ED287-5132-49AD-B3AA-3B125F019FB8}
	EndProjectSection
EndProject
Project("{8BC9CEB8-8B4A-11D0-8D11-00A0C91BC942}") = "SpybotClient", "SpybotClient\SpybotClient.vcxproj", "{265158C1-89F6-4DD2-9F1F-E19F09277EB0}"
	ProjectSection(ProjectDependencies) = postProject
		{775ED287-5132-49AD-B3AA-3B125F019FB8} = {775ED287-5132-49AD-B3AA-3B125F019FB8}
	EndProjectSection
EndProject
Project("{8BC9CEB8-8B4A-11D0-8D11-00A0C91BC942}") = "SpybotShared", "SpybotShared\SpybotShared.vcxproj", "{775ED287-5132-49AD-B3AA-3B125F019FB8}"
EndProject
Global
	GlobalSection(SolutionConfigurationPlatforms) = preSolution
		Debug|x64 = Debug|x64
		Debug|x86 = Debug|x86
		Release|x64 = Release|x64
		Release|x86 = Release|x86
	EndGlobalSection
	GlobalSection(ProjectConfigurationPlatforms) = postSolution
		{E4063D2F-112D-4A1F-8B96-59F0F86B0B28}.Debug|x64.ActiveCfg = Debug|x64
		{E4063D2F-112D-4A1F-8B96-59F0F86B0B28}.Debug|x64.Build.0 = Debug|x64
		{E4063D2F-112D-4A1F-8B96-59F0F86B0B28}.Debug|x86.ActiveCfg = Debug|Win32
		{E4063D2F-112D-4A1F-8B96-59F0F86B0B28}.Debug|x86.Build.0 = Debug|Win32
		{E4063D2F-112D-4A1F-8B96-59F0F86B0B28}.Release|x64.ActiveCfg = Release|x64
		{E4063D2F-112D-4A1F-8B96-59F0F86B0B28}.Release|x64.Build.0 = Release|x64
		{E4063D2F-112D-4A1F-8B96-59F0F86B0B28}.Release|x86.ActiveCfg = Release|Win32
		{E4063D2F-112D-4A1F-8B96-59F0F86B0B28}.Release|x86.Build.0 = Release|Win32
		{265158C1-89F6-4DD2-9F1F-E19F09277EB0}.Debug|x64.ActiveCfg = Debug|x64
		{265158C1-89F6-4DD2-9F1F-E19F09277EB0}.Debug|x64.Build.0 = Debug|x64
		{265158C1-89F6-4DD2-9F1F-E19F09277EB0}.Debug|x86.ActiveCfg = Debug|Win32
		{265158C1-89F6-4DD2-9F1F-E19F09277EB0}.Debug|x86.Build.0 = Debug|Win32
		{265158C1-89F6-4DD2-9F1F-E19F09277EB0}.Release|x64.ActiveCfg = Release|x64
		{265158C1-89F6-4DD2-9F1F-E19F09277EB0}.Release|x64.Build.0 = Release|x64
		{265158C1-89F6-4DD2-9F1F-E19F09277EB0}.Release|x86.ActiveCfg = Release|Win32
		{265158C1-89F6-4DD2-9F1F-E19F09277EB0}.Release|x86.Build.0 = Release|Win32
		{775ED287-5132-49AD-B3AA-3B125F019FB8}.Debug|x64.ActiveCfg = Debug|x64
		{775ED287-5132-49AD-B3AA-3B125F019FB8}.Debug|x64.Build.0 = Debug|x64
		{775ED287-5132-49AD-B3AA-3B125F019FB8}.Debug|x86.ActiveCfg = Debug|Win32
		{775ED287-5132-49AD-B3AA-3B125F019FB8}.Debug|x86.Build.0 = Debug|Win32
		{775ED287-5132-49AD-B3AA-3B125F019FB8}.Release|x64.ActiveCfg = Release|x64
		{775ED287-5132-49AD-B3AA-3B125F019FB8}.Release|x64.Build.0 = Release|x64
		{775ED287-5132-49AD-B3AA-3B125F019FB8}.Release|x86.ActiveCfg = Release|Win32
		{775ED287-5132-49AD-B3AA-3B125F019FB8}.Release|x86.Build.0 = Release|Win32
	EndGlobalSection
	GlobalSection(SolutionProperties) = preSolution
		HideSolutionNode = FALSE
	EndGlobalSection
	GlobalSection(ExtensibilityGlobals) = postSolution
		SolutionGuid = {6D789D86-4439-432A-B345-C62FA96128A9}
	EndGlobalSection
EndGlobal
