<?xml version="1.0" encoding="utf-8"?>
<Project ToolsVersion="4.0" xmlns="http://schemas.microsoft.com/developer/msbuild/2003">
  <ItemGroup>
    <Filter Include="Source Files">
      <UniqueIdentifier>{4FC737F1-C7A5-4376-A066-2A32D752A2FF}</UniqueIdentifier>
      <Extensions>cpp;c;cc;cxx;def;odl;idl;hpj;bat;asm;asmx</Extensions>
    </Filter>
    <Filter Include="Header Files">
      <UniqueIdentifier>{93995380-89BD-4b04-88EB-625FBE52EBFB}</UniqueIdentifier>
      <Extensions>h;hh;hpp;hxx;hm;inl;inc;xsd</Extensions>
    </Filter>
    <Filter Include="Resource Files">
      <UniqueIdentifier>{67DA6AB6-F800-4c08-8B7A-83BB121AAD01}</UniqueIdentifier>
      <Extensions>rc;ico;cur;bmp;dlg;rc2;rct;bin;rgs;gif;jpg;jpeg;jpe;resx;tiff;tif;png;wav;mfcribbon-ms</Extensions>
    </Filter>
    <Filter Include="Header Files\gui">
      <UniqueIdentifier>{0178c817-c246-4a2e-82ed-4eecbfe2ec92}</UniqueIdentifier>
    </Filter>
    <Filter Include="Source Files\gui">
      <UniqueIdentifier>{1430b8bd-77f1-44de-bfc1-8f4e11b9019d}</UniqueIdentifier>
    </Filter>
    <Filter Include="Header Files\shared">
      <UniqueIdentifier>{c4029958-b833-4973-8a85-c5b3b2dd02f7}</UniqueIdentifier>
    </Filter>
    <Filter Include="Header Files\shared\util">
      <UniqueIdentifier>{83cdbdaa-4b35-45ab-b821-9532c531a42f}</UniqueIdentifier>
    </Filter>
    <Filter Include="Header Files\shared\server">
      <UniqueIdentifier>{e31a917e-40b5-4c47-b93f-162e40784f7a}</UniqueIdentifier>
    </Filter>
    <Filter Include="Header Files\shared\game">
      <UniqueIdentifier>{139a1905-d8a2-428c-8344-11293f9330d6}</UniqueIdentifier>
    </Filter>
    <Filter Include="Header Files\client">
      <UniqueIdentifier>{55481ed5-bf17-4eba-97dd-dbe5c1b73c2f}</UniqueIdentifier>
    </Filter>
    <Filter Include="Source Files\shared">
      <UniqueIdentifier>{cf569284-ffcc-45bf-89aa-4b3773fe983e}</UniqueIdentifier>
    </Filter>
    <Filter Include="Source Files\shared\game">
      <UniqueIdentifier>{71e6a70c-efc1-4a97-be77-e8f03119bbf1}</UniqueIdentifier>
    </Filter>
    <Filter Include="Source Files\shared\server">
      <UniqueIdentifier>{3d27cc85-ac70-40e5-82de-e3678be4445c}</UniqueIdentifier>
    </Filter>
    <Filter Include="Source Files\shared\utils">
      <UniqueIdentifier>{4e26f836-d57d-49b9-a8e6-bb6645c485b0}</UniqueIdentifier>
    </Filter>
    <Filter Include="Source Files\client">
      <UniqueIdentifier>{00de5b4a-5bdd-434b-bd57-afd3b96657e0}</UniqueIdentifier>
    </Filter>
    <Filter Include="Source Files\overlays">
      <UniqueIdentifier>{815aa8cf-ada6-4851-a1b9-7d97d69298f9}</UniqueIdentifier>
    </Filter>
    <Filter Include="Source Files\overlays\main">
      <UniqueIdentifier>{f4c46cb5-f875-40c2-b85c-34b47f91fa30}</UniqueIdentifier>
    </Filter>
    <Filter Include="Source Files\overlays\notify">
      <UniqueIdentifier>{e82c12f2-0d9f-490b-a392-9df00bc614b0}</UniqueIdentifier>
    </Filter>
    <Filter Include="Source Files\overlays\game">
      <UniqueIdentifier>{2330d785-3c2f-4842-a0a8-18b1f76b966f}</UniqueIdentifier>
    </Filter>
    <Filter Include="Source Files\overlays\lobby">
      <UniqueIdentifier>{b356b126-aab9-49fc-92b5-3a8ad74590d1}</UniqueIdentifier>
    </Filter>
    <Filter Include="Source Files\overlays\map">
      <UniqueIdentifier>{ba7a5b71-318a-47c6-8794-d05b499b6269}</UniqueIdentifier>
    </Filter>
    <Filter Include="Source Files\overlays\title">
      <UniqueIdentifier>{1d438bb8-5acf-4208-ac74-150dcbc8a645}</UniqueIdentifier>
    </Filter>
    <Filter Include="Source Files\overlays\game\animations">
      <UniqueIdentifier>{8a4de83a-d76f-4bd6-986d-9984e8c7671c}</UniqueIdentifier>
    </Filter>
    <Filter Include="Source Files\overlays\game\animations\particles">
      <UniqueIdentifier>{541a41f8-8e21-4757-b5d7-a396a9530bdb}</UniqueIdentifier>
    </Filter>
    <Filter Include="Header Files\overlays">
      <UniqueIdentifier>{8e1ed119-7266-44a9-868f-876ff779eb96}</UniqueIdentifier>
    </Filter>
    <Filter Include="Header Files\overlays\main">
      <UniqueIdentifier>{574301ff-38f9-4a67-a9e8-032be993d3a2}</UniqueIdentifier>
    </Filter>
    <Filter Include="Header Files\overlays\game">
      <UniqueIdentifier>{e9048e34-b970-48a1-a1ce-afc661cc3f3f}</UniqueIdentifier>
    </Filter>
    <Filter Include="Header Files\overlays\game\animations">
      <UniqueIdentifier>{a86503e6-fc56-46f9-af73-3f2635cb2399}</UniqueIdentifier>
    </Filter>
    <Filter Include="Header Files\overlays\game\animations\particles">
      <UniqueIdentifier>{74d444c2-bf7f-43fc-9e30-d92eeebdff41}</UniqueIdentifier>
    </Filter>
    <Filter Include="Header Files\overlays\map">
      <UniqueIdentifier>{35dfb5c9-d56b-4f39-8af3-c00901a8a4bb}</UniqueIdentifier>
    </Filter>
    <Filter Include="Header Files\overlays\notify">
      <UniqueIdentifier>{82871443-f2cc-48d4-9794-80a65b2b9af1}</UniqueIdentifier>
    </Filter>
    <Filter Include="Header Files\overlays\lobby">
      <UniqueIdentifier>{7cb42fdb-34d4-4616-857d-93fd07572225}</UniqueIdentifier>
    </Filter>
    <Filter Include="Header Files\overlays\title">
      <UniqueIdentifier>{4d16acd3-a2b9-49e3-a8b7-f44336a2af7e}</UniqueIdentifier>
    </Filter>
    <Filter Include="Source Files\overlays\background">
      <UniqueIdentifier>{52936620-c3b2-4dae-b62f-711f4a7ecfc6}</UniqueIdentifier>
    </Filter>
    <Filter Include="Header Files\overlays\background">
      <UniqueIdentifier>{8aa17f04-c539-4d22-95b5-f653cf0e9113}</UniqueIdentifier>
    </Filter>
    <Filter Include="Header Files\gui\GUIEffects">
      <UniqueIdentifier>{1423b4ff-49ac-430e-913c-dcdbbcd8b390}</UniqueIdentifier>
    </Filter>
    <Filter Include="Source Files\gui\GUIEffects">
      <UniqueIdentifier>{18a42207-a86d-4562-8bf5-789c2ff32ce0}</UniqueIdentifier>
    </Filter>
  </ItemGroup>
  <ItemGroup>
    <Text Include="ReadMe.txt" />
  </ItemGroup>
  <ItemGroup>
    <ClInclude Include="targetver.h">
      <Filter>Header Files</Filter>
    </ClInclude>
    <ClInclude Include="include\Global.h">
      <Filter>Header Files</Filter>
    </ClInclude>
    <ClInclude Include="include\Main.h">
      <Filter>Header Files</Filter>
    </ClInclude>
    <ClInclude Include="include\ResourceLoader.h">
      <Filter>Header Files</Filter>
    </ClInclude>
    <ClInclude Include="include\gui\GUIButton.h">
      <Filter>Header Files\gui</Filter>
    </ClInclude>
    <ClInclude Include="include\gui\GUIContainer.h">
      <Filter>Header Files\gui</Filter>
    </ClInclude>
    <ClInclude Include="include\gui\GUIObject.h">
      <Filter>Header Files\gui</Filter>
    </ClInclude>
    <ClInclude Include="include\gui\GUISlider.h">
      <Filter>Header Files\gui</Filter>
    </ClInclude>
    <ClInclude Include="include\gui\GUITexture.h">
      <Filter>Header Files\gui</Filter>
    </ClInclude>
    <ClInclude Include="include\Standard.h">
      <Filter>Header Files</Filter>
    </ClInclude>
    <ClInclude Include="include\gui\GUITextbox.h">
      <Filter>Header Files\gui</Filter>
    </ClInclude>
    <ClInclude Include="include\Data.h">
      <Filter>Header Files</Filter>
    </ClInclude>
    <ClInclude Include="..\SpybotShared\server\Message.h">
      <Filter>Header Files\shared\server</Filter>
    </ClInclude>
    <ClInclude Include="..\SpybotShared\server\Server.h">
      <Filter>Header Files\shared\server</Filter>
    </ClInclude>
    <ClInclude Include="..\SpybotShared\Enums.h">
      <Filter>Header Files\shared</Filter>
    </ClInclude>
    <ClInclude Include="..\SpybotShared\utils\Coord.h">
      <Filter>Header Files\shared\util</Filter>
    </ClInclude>
    <ClInclude Include="..\SpybotShared\utils\Entry.h">
      <Filter>Header Files\shared\util</Filter>
    </ClInclude>
    <ClInclude Include="..\SpybotShared\utils\Iterator.h">
      <Filter>Header Files\shared\util</Filter>
    </ClInclude>
    <ClInclude Include="..\SpybotShared\utils\LinkedList.h">
      <Filter>Header Files\shared\util</Filter>
    </ClInclude>
    <ClInclude Include="..\SpybotShared\utils\ListNode.h">
      <Filter>Header Files\shared\util</Filter>
    </ClInclude>
    <ClInclude Include="..\SpybotShared\utils\Map.h">
      <Filter>Header Files\shared\util</Filter>
    </ClInclude>
    <ClInclude Include="..\SpybotShared\utils\MiscUtil.h">
      <Filter>Header Files\shared\util</Filter>
    </ClInclude>
    <ClInclude Include="..\SpybotShared\utils\Pair.h">
      <Filter>Header Files\shared\util</Filter>
    </ClInclude>
    <ClInclude Include="..\SpybotShared\utils\Timer.h">
      <Filter>Header Files\shared\util</Filter>
    </ClInclude>
    <ClInclude Include="..\SpybotShared\game\AIBasic.h">
      <Filter>Header Files\shared\game</Filter>
    </ClInclude>
    <ClInclude Include="..\SpybotShared\game\AICore.h">
      <Filter>Header Files\shared\game</Filter>
    </ClInclude>
    <ClInclude Include="..\SpybotShared\game\AIModerate.h">
      <Filter>Header Files\shared\game</Filter>
    </ClInclude>
    <ClInclude Include="..\SpybotShared\game\Game.h">
      <Filter>Header Files\shared\game</Filter>
    </ClInclude>
    <ClInclude Include="..\SpybotShared\game\Player.h">
      <Filter>Header Files\shared\game</Filter>
    </ClInclude>
    <ClInclude Include="..\SpybotShared\game\Program.h">
      <Filter>Header Files\shared\game</Filter>
    </ClInclude>
    <ClInclude Include="..\SpybotShared\game\ProgramAction.h">
      <Filter>Header Files\shared\game</Filter>
    </ClInclude>
    <ClInclude Include="..\SpybotShared\game\Team.h">
      <Filter>Header Files\shared\game</Filter>
    </ClInclude>
    <ClInclude Include="include\client\Client.h">
      <Filter>Header Files\client</Filter>
    </ClInclude>
    <ClInclude Include="include\client\ClientMirror.h">
      <Filter>Header Files\client</Filter>
    </ClInclude>
    <ClInclude Include="..\SpybotShared\server\User.h">
      <Filter>Header Files\shared\server</Filter>
    </ClInclude>
    <ClInclude Include="include\Pipe.h">
      <Filter>Header Files</Filter>
    </ClInclude>
    <ClInclude Include="include\client\ConnectionManager.h">
      <Filter>Header Files\client</Filter>
    </ClInclude>
    <ClInclude Include="..\SpybotShared\server\CommandProcessor.h">
      <Filter>Header Files\shared\server</Filter>
    </ClInclude>
    <ClInclude Include="include\overlays\main\PromptBox.h">
      <Filter>Header Files\overlays\main</Filter>
    </ClInclude>
    <ClInclude Include="include\overlays\game\PlayerDisplayContainer.h">
      <Filter>Header Files\overlays\game</Filter>
    </ClInclude>
    <ClInclude Include="include\overlays\game\ProgramDisplayActionButton.h">
      <Filter>Header Files\overlays\game</Filter>
    </ClInclude>
    <ClInclude Include="include\overlays\game\ProgramDisplayContainer.h">
      <Filter>Header Files\overlays\game</Filter>
    </ClInclude>
    <ClInclude Include="include\overlays\game\animations\Animation.h">
      <Filter>Header Files\overlays\game\animations</Filter>
    </ClInclude>
    <ClInclude Include="include\overlays\game\animations\AnimationAttack.h">
      <Filter>Header Files\overlays\game\animations</Filter>
    </ClInclude>
    <ClInclude Include="include\overlays\game\animations\AnimationSelect.h">
      <Filter>Header Files\overlays\game\animations</Filter>
    </ClInclude>
    <ClInclude Include="include\overlays\game\animations\AnimationTileFade.h">
      <Filter>Header Files\overlays\game\animations</Filter>
    </ClInclude>
    <ClInclude Include="include\overlays\game\animations\particles\AnimationParticle.h">
      <Filter>Header Files\overlays\game\animations\particles</Filter>
    </ClInclude>
    <ClInclude Include="include\overlays\game\animations\particles\AnimationParticleSelectRing.h">
      <Filter>Header Files\overlays\game\animations\particles</Filter>
    </ClInclude>
    <ClInclude Include="include\overlays\game\animations\particles\AnimationParticleSquareSpeck.h">
      <Filter>Header Files\overlays\game\animations\particles</Filter>
    </ClInclude>
    <ClInclude Include="include\overlays\map\Node.h">
      <Filter>Header Files\overlays\map</Filter>
    </ClInclude>
    <ClInclude Include="include\overlays\map\ProgramInventoryDisplay.h">
      <Filter>Header Files\overlays\map</Filter>
    </ClInclude>
    <ClInclude Include="include\overlays\lobby\ChatDisplay.h">
      <Filter>Header Files\overlays\lobby</Filter>
    </ClInclude>
    <ClInclude Include="include\overlays\main\MainOverlay.h">
      <Filter>Header Files\overlays\main</Filter>
    </ClInclude>
    <ClInclude Include="include\overlays\game\GameOverlay.h">
      <Filter>Header Files\overlays\game</Filter>
    </ClInclude>
    <ClInclude Include="include\overlays\map\MapOverlay.h">
      <Filter>Header Files\overlays\map</Filter>
    </ClInclude>
    <ClInclude Include="include\overlays\title\TitleOverlay.h">
      <Filter>Header Files\overlays\title</Filter>
    </ClInclude>
    <ClInclude Include="include\overlays\lobby\LobbyOverlay.h">
      <Filter>Header Files\overlays\lobby</Filter>
    </ClInclude>
    <ClInclude Include="include\overlays\notify\NotifyOverlay.h">
      <Filter>Header Files\overlays\notify</Filter>
    </ClInclude>
    <ClInclude Include="include\overlays\background\GlowSpeck.h">
      <Filter>Header Files\overlays\background</Filter>
    </ClInclude>
    <ClInclude Include="include\overlays\background\BackgroundOverlay.h">
      <Filter>Header Files\overlays\background</Filter>
    </ClInclude>
    <ClInclude Include="include\gui\GUIButtonParamaterized.h">
      <Filter>Header Files\gui</Filter>
    </ClInclude>
    <ClInclude Include="..\SpybotShared\utils\NameGenerator.h">
      <Filter>Header Files\shared\util</Filter>
    </ClInclude>
    <ClInclude Include="include\overlays\main\UserDisplay.h">
      <Filter>Header Files\overlays\main</Filter>
    </ClInclude>
    <ClInclude Include="include\overlays\main\AchievementButton.h">
      <Filter>Header Files\overlays\main</Filter>
    </ClInclude>
    <ClInclude Include="include\overlays\notify\PopupNotification.h">
      <Filter>Header Files\overlays\notify</Filter>
    </ClInclude>
    <ClInclude Include="include\overlays\notify\PopupAchievement.h">
      <Filter>Header Files\overlays\notify</Filter>
    </ClInclude>
    <ClInclude Include="include\gui\GUIEffects\GUIEffect.h">
      <Filter>Header Files\gui\GUIEffects</Filter>
    </ClInclude>
    <ClInclude Include="include\gui\GUIEffects\GUIEffectFade.h">
      <Filter>Header Files\gui\GUIEffects</Filter>
    </ClInclude>
    <ClInclude Include="include\gui\GUIEffects\GUIEffectTranslate.h">
      <Filter>Header Files\gui\GUIEffects</Filter>
    </ClInclude>
  </ItemGroup>
  <ItemGroup>
    <ClCompile Include="src\Global.cpp">
      <Filter>Source Files</Filter>
    </ClCompile>
    <ClCompile Include="src\Main.cpp">
      <Filter>Source Files</Filter>
    </ClCompile>
    <ClCompile Include="src\ResourceLoader.cpp">
      <Filter>Source Files</Filter>
    </ClCompile>
    <ClCompile Include="src\gui\GUIButton.cpp">
      <Filter>Source Files\gui</Filter>
    </ClCompile>
    <ClCompile Include="src\gui\GUIContainer.cpp">
      <Filter>Source Files\gui</Filter>
    </ClCompile>
    <ClCompile Include="src\gui\GUIObject.cpp">
      <Filter>Source Files\gui</Filter>
    </ClCompile>
    <ClCompile Include="src\gui\GUISlider.cpp">
      <Filter>Source Files\gui</Filter>
    </ClCompile>
    <ClCompile Include="src\gui\GUITexture.cpp">
      <Filter>Source Files\gui</Filter>
    </ClCompile>
    <ClCompile Include="src\gui\GUITextbox.cpp">
      <Filter>Source Files\gui</Filter>
    </ClCompile>
    <ClCompile Include="src\Data.cpp">
      <Filter>Source Files</Filter>
    </ClCompile>
    <ClCompile Include="..\SpybotShared\game\AIBasic.cpp">
      <Filter>Source Files\shared\game</Filter>
    </ClCompile>
    <ClCompile Include="..\SpybotShared\game\AICore.cpp">
      <Filter>Source Files\shared\game</Filter>
    </ClCompile>
    <ClCompile Include="..\SpybotShared\game\AIModerate.cpp">
      <Filter>Source Files\shared\game</Filter>
    </ClCompile>
    <ClCompile Include="..\SpybotShared\game\Game.cpp">
      <Filter>Source Files\shared\game</Filter>
    </ClCompile>
    <ClCompile Include="..\SpybotShared\game\Player.cpp">
      <Filter>Source Files\shared\game</Filter>
    </ClCompile>
    <ClCompile Include="..\SpybotShared\game\Program.cpp">
      <Filter>Source Files\shared\game</Filter>
    </ClCompile>
    <ClCompile Include="..\SpybotShared\game\ProgramAction.cpp">
      <Filter>Source Files\shared\game</Filter>
    </ClCompile>
    <ClCompile Include="..\SpybotShared\game\Team.cpp">
      <Filter>Source Files\shared\game</Filter>
    </ClCompile>
    <ClCompile Include="..\SpybotShared\utils\MiscUtil.cpp">
      <Filter>Source Files\shared\utils</Filter>
    </ClCompile>
    <ClCompile Include="..\SpybotShared\utils\Timer.cpp">
      <Filter>Source Files\shared\utils</Filter>
    </ClCompile>
    <ClCompile Include="..\SpybotShared\server\Message.cpp">
      <Filter>Source Files\shared\server</Filter>
    </ClCompile>
    <ClCompile Include="..\SpybotShared\server\Server.cpp">
      <Filter>Source Files\shared\server</Filter>
    </ClCompile>
    <ClCompile Include="..\SpybotShared\server\User.cpp">
      <Filter>Source Files\shared\server</Filter>
    </ClCompile>
    <ClCompile Include="src\client\Client.cpp">
      <Filter>Source Files\client</Filter>
    </ClCompile>
    <ClCompile Include="src\client\ClientMirror.cpp">
      <Filter>Source Files\client</Filter>
    </ClCompile>
    <ClCompile Include="src\Pipe.cpp">
      <Filter>Source Files</Filter>
    </ClCompile>
    <ClCompile Include="src\client\ConnectionManager.cpp">
      <Filter>Source Files\client</Filter>
    </ClCompile>
    <ClCompile Include="..\SpybotShared\server\CommandProcessor.cpp">
      <Filter>Source Files\shared\server</Filter>
    </ClCompile>
    <ClCompile Include="src\overlays\game\PlayerDisplayContainer.cpp">
      <Filter>Source Files\overlays\game</Filter>
    </ClCompile>
    <ClCompile Include="src\overlays\game\ProgramDisplayActionButton.cpp">
      <Filter>Source Files\overlays\game</Filter>
    </ClCompile>
    <ClCompile Include="src\overlays\game\ProgramDisplayContainer.cpp">
      <Filter>Source Files\overlays\game</Filter>
    </ClCompile>
    <ClCompile Include="src\overlays\game\animations\Animation.cpp">
      <Filter>Source Files\overlays\game\animations</Filter>
    </ClCompile>
    <ClCompile Include="src\overlays\game\animations\AnimationAttack.cpp">
      <Filter>Source Files\overlays\game\animations</Filter>
    </ClCompile>
    <ClCompile Include="src\overlays\game\animations\AnimationSelect.cpp">
      <Filter>Source Files\overlays\game\animations</Filter>
    </ClCompile>
    <ClCompile Include="src\overlays\game\animations\AnimationTileFade.cpp">
      <Filter>Source Files\overlays\game\animations</Filter>
    </ClCompile>
    <ClCompile Include="src\overlays\game\animations\particles\AnimationParticle.cpp">
      <Filter>Source Files\overlays\game\animations\particles</Filter>
    </ClCompile>
    <ClCompile Include="src\overlays\game\animations\particles\AnimationParticleSelectRing.cpp">
      <Filter>Source Files\overlays\game\animations\particles</Filter>
    </ClCompile>
    <ClCompile Include="src\overlays\game\animations\particles\AnimationParticleSquareSpeck.cpp">
      <Filter>Source Files\overlays\game\animations\particles</Filter>
    </ClCompile>
    <ClCompile Include="src\overlays\lobby\ChatDisplay.cpp">
      <Filter>Source Files\overlays\lobby</Filter>
    </ClCompile>
    <ClCompile Include="src\overlays\map\Node.cpp">
      <Filter>Source Files\overlays\map</Filter>
    </ClCompile>
    <ClCompile Include="src\overlays\map\ProgramInventoryDisplay.cpp">
      <Filter>Source Files\overlays\map</Filter>
    </ClCompile>
    <ClCompile Include="src\overlays\main\PromptBox.cpp">
      <Filter>Source Files\overlays\main</Filter>
    </ClCompile>
    <ClCompile Include="src\overlays\main\MainOverlay.cpp">
      <Filter>Source Files\overlays\main</Filter>
    </ClCompile>
    <ClCompile Include="src\overlays\map\MapOverlay.cpp">
      <Filter>Source Files\overlays\map</Filter>
    </ClCompile>
    <ClCompile Include="src\overlays\notify\NotifyOverlay.cpp">
      <Filter>Source Files\overlays\notify</Filter>
    </ClCompile>
    <ClCompile Include="src\overlays\lobby\LobbyOverlay.cpp">
      <Filter>Source Files\overlays\lobby</Filter>
    </ClCompile>
    <ClCompile Include="src\overlays\game\GameOverlay.cpp">
      <Filter>Source Files\overlays\game</Filter>
    </ClCompile>
    <ClCompile Include="src\overlays\title\TitleOverlay.cpp">
      <Filter>Source Files\overlays\title</Filter>
    </ClCompile>
    <ClCompile Include="src\overlays\background\BackgroundOverlay.cpp">
      <Filter>Source Files\overlays\background</Filter>
    </ClCompile>
    <ClCompile Include="src\overlays\background\GlowSpeck.cpp">
      <Filter>Source Files\overlays\background</Filter>
    </ClCompile>
    <ClCompile Include="..\SpybotShared\utils\NameGenerator.cpp">
      <Filter>Source Files\shared\utils</Filter>
    </ClCompile>
    <ClCompile Include="src\overlays\main\UserDisplay.cpp">
      <Filter>Source Files\overlays\main</Filter>
    </ClCompile>
    <ClCompile Include="src\overlays\main\AchievementButton.cpp">
      <Filter>Source Files\overlays\main</Filter>
    </ClCompile>
    <ClCompile Include="src\overlays\notify\PopupNotification.cpp">
      <Filter>Source Files\overlays\notify</Filter>
    </ClCompile>
    <ClCompile Include="src\overlays\notify\PopupAchievement.cpp">
      <Filter>Source Files\overlays\notify</Filter>
    </ClCompile>
    <ClCompile Include="src\gui\GUIEffects\GUIEffect.cpp">
      <Filter>Source Files\gui\GUIEffects</Filter>
    </ClCompile>
    <ClCompile Include="src\gui\GUIEffects\GUIEffectFade.cpp">
      <Filter>Source Files\gui\GUIEffects</Filter>
    </ClCompile>
    <ClCompile Include="src\gui\GUIEffects\GUIEffectTranslate.cpp">
      <Filter>Source Files\gui\GUIEffects</Filter>
    </ClCompile>
  </ItemGroup>
  <ItemGroup>
    <ResourceCompile Include="include\icon.rc">
      <Filter>Resource Files</Filter>
    </ResourceCompile>
  </ItemGroup>
</Project>