<?xml version="1.0" encoding="utf-8"?>
<Project ToolsVersion="4.0" xmlns="http://schemas.microsoft.com/developer/msbuild/2003">
  <ItemGroup>
    <Filter Include="Source Files">
      <UniqueIdentifier>{4FC737F1-C7A5-4376-A066-2A32D752A2FF}</UniqueIdentifier>
      <Extensions>cpp;c;cc;cxx;def;odl;idl;hpj;bat;asm;asmx</Extensions>
    </Filter>
    <Filter Include="Header Files">
      <UniqueIdentifier>{93995380-89BD-4b04-88EB-625FBE52EBFB}</UniqueIdentifier>
      <Extensions>h;hh;hpp;hxx;hm;inl;inc;xsd</Extensions>
    </Filter>
    <Filter Include="Resource Files">
      <UniqueIdentifier>{67DA6AB6-F800-4c08-8B7A-83BB121AAD01}</UniqueIdentifier>
      <Extensions>rc;ico;cur;bmp;dlg;rc2;rct;bin;rgs;gif;jpg;jpeg;jpe;resx;tiff;tif;png;wav;mfcribbon-ms</Extensions>
    </Filter>
    <Filter Include="Header Files\game">
      <UniqueIdentifier>{f332649a-a682-4961-853f-72623a8e2649}</UniqueIdentifier>
    </Filter>
    <Filter Include="Header Files\gui">
      <UniqueIdentifier>{0178c817-c246-4a2e-82ed-4eecbfe2ec92}</UniqueIdentifier>
    </Filter>
    <Filter Include="Header Files\main">
      <UniqueIdentifier>{5ee0d1a2-989f-45e2-a6ea-cc30b5ebee30}</UniqueIdentifier>
    </Filter>
    <Filter Include="Header Files\map">
      <UniqueIdentifier>{126bebc6-db1f-41a0-8ab1-6e4724e518b7}</UniqueIdentifier>
    </Filter>
    <Filter Include="Header Files\title">
      <UniqueIdentifier>{b5d17fa2-bc12-45a6-b1e8-aaafaf57cd5f}</UniqueIdentifier>
    </Filter>
    <Filter Include="Header Files\util">
      <UniqueIdentifier>{83cdbdaa-4b35-45ab-b821-9532c531a42f}</UniqueIdentifier>
    </Filter>
    <Filter Include="Header Files\game\client">
      <UniqueIdentifier>{0dfc10c6-294f-48a3-a297-cbaf5096d1e2}</UniqueIdentifier>
    </Filter>
    <Filter Include="Header Files\game\server">
      <UniqueIdentifier>{e31a917e-40b5-4c47-b93f-162e40784f7a}</UniqueIdentifier>
    </Filter>
    <Filter Include="Source Files\game">
      <UniqueIdentifier>{afa6b553-573b-47cd-aae3-b7686746927e}</UniqueIdentifier>
    </Filter>
    <Filter Include="Source Files\gui">
      <UniqueIdentifier>{1430b8bd-77f1-44de-bfc1-8f4e11b9019d}</UniqueIdentifier>
    </Filter>
    <Filter Include="Source Files\main">
      <UniqueIdentifier>{90f04ee8-fafe-4e3a-92f0-05d9c0d137f3}</UniqueIdentifier>
    </Filter>
    <Filter Include="Source Files\map">
      <UniqueIdentifier>{5b19711b-3690-478a-baec-9477f299cf82}</UniqueIdentifier>
    </Filter>
    <Filter Include="Source Files\title">
      <UniqueIdentifier>{0aa7ec40-184c-4aeb-8c92-bf4398763829}</UniqueIdentifier>
    </Filter>
    <Filter Include="Source Files\util">
      <UniqueIdentifier>{2c69d195-9920-4563-8e05-43caf76f5c18}</UniqueIdentifier>
    </Filter>
    <Filter Include="Source Files\game\client">
      <UniqueIdentifier>{28bb3bcf-4ec0-45a2-b2cf-4fa7146e9ea0}</UniqueIdentifier>
    </Filter>
    <Filter Include="Source Files\game\server">
      <UniqueIdentifier>{d28d9a57-9f17-4178-938d-0aeb6e48e718}</UniqueIdentifier>
    </Filter>
    <Filter Include="Source Files\notify">
      <UniqueIdentifier>{fb4037a4-d395-47ed-b77b-368590092f2a}</UniqueIdentifier>
    </Filter>
    <Filter Include="Header Files\notify">
      <UniqueIdentifier>{c2c556d2-7f87-4178-ab56-151fcad233a3}</UniqueIdentifier>
    </Filter>
    <Filter Include="Source Files\lobby">
      <UniqueIdentifier>{46f4dbf9-2a06-46e5-a8cb-76f3aa35b405}</UniqueIdentifier>
    </Filter>
    <Filter Include="Header Files\lobby">
      <UniqueIdentifier>{c6c45c00-1aae-4b14-9ad4-03ca781a4f51}</UniqueIdentifier>
    </Filter>
  </ItemGroup>
  <ItemGroup>
    <Text Include="ReadMe.txt" />
  </ItemGroup>
  <ItemGroup>
    <ClInclude Include="targetver.h">
      <Filter>Header Files</Filter>
    </ClInclude>
    <ClInclude Include="include\DataContainer.h">
      <Filter>Header Files</Filter>
    </ClInclude>
    <ClInclude Include="include\Enums.h">
      <Filter>Header Files</Filter>
    </ClInclude>
    <ClInclude Include="include\Global.h">
      <Filter>Header Files</Filter>
    </ClInclude>
    <ClInclude Include="include\Main.h">
      <Filter>Header Files</Filter>
    </ClInclude>
    <ClInclude Include="include\ResourceLoader.h">
      <Filter>Header Files</Filter>
    </ClInclude>
    <ClInclude Include="include\title\TitleScreen.h">
      <Filter>Header Files\title</Filter>
    </ClInclude>
    <ClInclude Include="include\map\MapScreen.h">
      <Filter>Header Files\map</Filter>
    </ClInclude>
    <ClInclude Include="include\map\Node.h">
      <Filter>Header Files\map</Filter>
    </ClInclude>
    <ClInclude Include="include\map\ProgramInventoryButton.h">
      <Filter>Header Files\map</Filter>
    </ClInclude>
    <ClInclude Include="include\map\ProgramInventoryDisplay.h">
      <Filter>Header Files\map</Filter>
    </ClInclude>
    <ClInclude Include="include\main\MainScreen.h">
      <Filter>Header Files\main</Filter>
    </ClInclude>
    <ClInclude Include="include\main\MainScreenGlow.h">
      <Filter>Header Files\main</Filter>
    </ClInclude>
    <ClInclude Include="include\gui\GUIButton.h">
      <Filter>Header Files\gui</Filter>
    </ClInclude>
    <ClInclude Include="include\gui\GUIContainer.h">
      <Filter>Header Files\gui</Filter>
    </ClInclude>
    <ClInclude Include="include\gui\GUIObject.h">
      <Filter>Header Files\gui</Filter>
    </ClInclude>
    <ClInclude Include="include\gui\GUISlider.h">
      <Filter>Header Files\gui</Filter>
    </ClInclude>
    <ClInclude Include="include\gui\GUITexture.h">
      <Filter>Header Files\gui</Filter>
    </ClInclude>
    <ClInclude Include="include\game\server\Game.h">
      <Filter>Header Files\game\server</Filter>
    </ClInclude>
    <ClInclude Include="include\game\server\Player.h">
      <Filter>Header Files\game\server</Filter>
    </ClInclude>
    <ClInclude Include="include\game\server\Program.h">
      <Filter>Header Files\game\server</Filter>
    </ClInclude>
    <ClInclude Include="include\game\server\ProgramAction.h">
      <Filter>Header Files\game\server</Filter>
    </ClInclude>
    <ClInclude Include="include\game\server\Server.h">
      <Filter>Header Files\game\server</Filter>
    </ClInclude>
    <ClInclude Include="include\game\client\GameScreen.h">
      <Filter>Header Files\game\client</Filter>
    </ClInclude>
    <ClInclude Include="include\game\client\ProgramDisplayContainer.h">
      <Filter>Header Files\game\client</Filter>
    </ClInclude>
    <ClInclude Include="..\SpybotShared\Message.h">
      <Filter>Header Files\game</Filter>
    </ClInclude>
    <ClInclude Include="include\Client.h">
      <Filter>Header Files</Filter>
    </ClInclude>
    <ClInclude Include="include\notify\NotifyScreen.h">
      <Filter>Header Files\notify</Filter>
    </ClInclude>
    <ClInclude Include="..\SpybotShared\Coord.h">
      <Filter>Header Files\util</Filter>
    </ClInclude>
    <ClInclude Include="..\SpybotShared\Entry.h">
      <Filter>Header Files\util</Filter>
    </ClInclude>
    <ClInclude Include="..\SpybotShared\Iterator.h">
      <Filter>Header Files\util</Filter>
    </ClInclude>
    <ClInclude Include="..\SpybotShared\LinkedList.h">
      <Filter>Header Files\util</Filter>
    </ClInclude>
    <ClInclude Include="..\SpybotShared\ListNode.h">
      <Filter>Header Files\util</Filter>
    </ClInclude>
    <ClInclude Include="..\SpybotShared\Map.h">
      <Filter>Header Files\util</Filter>
    </ClInclude>
    <ClInclude Include="..\SpybotShared\MiscUtil.h">
      <Filter>Header Files\util</Filter>
    </ClInclude>
    <ClInclude Include="..\SpybotShared\Pair.h">
      <Filter>Header Files\util</Filter>
    </ClInclude>
    <ClInclude Include="..\SpybotShared\Timer.h">
      <Filter>Header Files\util</Filter>
    </ClInclude>
    <ClInclude Include="include\lobby\LobbyScreen.h">
      <Filter>Header Files\lobby</Filter>
    </ClInclude>
    <ClInclude Include="include\Standard.h">
      <Filter>Header Files</Filter>
    </ClInclude>
    <ClInclude Include="include\game\client\PlayerDisplayContainer.h">
      <Filter>Header Files\game\client</Filter>
    </ClInclude>
    <ClInclude Include="include\game\server\AICore.h">
      <Filter>Header Files\game\server</Filter>
    </ClInclude>
    <ClInclude Include="include\game\server\AIModerate.h">
      <Filter>Header Files\game\server</Filter>
    </ClInclude>
    <ClInclude Include="include\game\server\AIBasic.h">
      <Filter>Header Files\game\server</Filter>
    </ClInclude>
  </ItemGroup>
  <ItemGroup>
    <ClCompile Include="src\DataContainer.cpp">
      <Filter>Source Files</Filter>
    </ClCompile>
    <ClCompile Include="src\Global.cpp">
      <Filter>Source Files</Filter>
    </ClCompile>
    <ClCompile Include="src\Main.cpp">
      <Filter>Source Files</Filter>
    </ClCompile>
    <ClCompile Include="src\ResourceLoader.cpp">
      <Filter>Source Files</Filter>
    </ClCompile>
    <ClCompile Include="src\game\client\GameScreen.cpp">
      <Filter>Source Files\game\client</Filter>
    </ClCompile>
    <ClCompile Include="src\game\client\ProgramDisplayContainer.cpp">
      <Filter>Source Files\game\client</Filter>
    </ClCompile>
    <ClCompile Include="src\game\server\Game.cpp">
      <Filter>Source Files\game\server</Filter>
    </ClCompile>
    <ClCompile Include="src\game\server\Player.cpp">
      <Filter>Source Files\game\server</Filter>
    </ClCompile>
    <ClCompile Include="src\game\server\Program.cpp">
      <Filter>Source Files\game\server</Filter>
    </ClCompile>
    <ClCompile Include="src\game\server\ProgramAction.cpp">
      <Filter>Source Files\game\server</Filter>
    </ClCompile>
    <ClCompile Include="src\gui\GUIButton.cpp">
      <Filter>Source Files\gui</Filter>
    </ClCompile>
    <ClCompile Include="src\gui\GUIContainer.cpp">
      <Filter>Source Files\gui</Filter>
    </ClCompile>
    <ClCompile Include="src\gui\GUIObject.cpp">
      <Filter>Source Files\gui</Filter>
    </ClCompile>
    <ClCompile Include="src\gui\GUISlider.cpp">
      <Filter>Source Files\gui</Filter>
    </ClCompile>
    <ClCompile Include="src\gui\GUITexture.cpp">
      <Filter>Source Files\gui</Filter>
    </ClCompile>
    <ClCompile Include="src\main\MainScreen.cpp">
      <Filter>Source Files\main</Filter>
    </ClCompile>
    <ClCompile Include="src\main\MainScreenGlow.cpp">
      <Filter>Source Files\main</Filter>
    </ClCompile>
    <ClCompile Include="src\map\MapScreen.cpp">
      <Filter>Source Files\map</Filter>
    </ClCompile>
    <ClCompile Include="src\map\Node.cpp">
      <Filter>Source Files\map</Filter>
    </ClCompile>
    <ClCompile Include="src\map\ProgramInventoryButton.cpp">
      <Filter>Source Files\map</Filter>
    </ClCompile>
    <ClCompile Include="src\map\ProgramInventoryDisplay.cpp">
      <Filter>Source Files\map</Filter>
    </ClCompile>
    <ClCompile Include="src\title\TitleScreen.cpp">
      <Filter>Source Files\title</Filter>
    </ClCompile>
    <ClCompile Include="..\SpybotShared\Message.cpp">
      <Filter>Source Files\game</Filter>
    </ClCompile>
    <ClCompile Include="src\Client.cpp">
      <Filter>Source Files</Filter>
    </ClCompile>
    <ClCompile Include="src\notify\NotifyScreen.cpp">
      <Filter>Source Files\notify</Filter>
    </ClCompile>
    <ClCompile Include="..\SpybotShared\MiscUtil.cpp">
      <Filter>Source Files\util</Filter>
    </ClCompile>
    <ClCompile Include="..\SpybotShared\Timer.cpp">
      <Filter>Source Files\util</Filter>
    </ClCompile>
    <ClCompile Include="src\lobby\LobbyScreen.cpp">
      <Filter>Source Files\lobby</Filter>
    </ClCompile>
    <ClCompile Include="src\game\client\PlayerDisplayContainer.cpp">
      <Filter>Source Files\game\client</Filter>
    </ClCompile>
  </ItemGroup>
  <ItemGroup>
    <ResourceCompile Include="include\icon.rc">
      <Filter>Resource Files</Filter>
    </ResourceCompile>
  </ItemGroup>
</Project>