<?xml version="1.0" encoding="utf-8"?>
<Project ToolsVersion="4.0" xmlns="http://schemas.microsoft.com/developer/msbuild/2003">
  <ItemGroup>
    <Filter Include="Source Files">
      <UniqueIdentifier>{4FC737F1-C7A5-4376-A066-2A32D752A2FF}</UniqueIdentifier>
      <Extensions>cpp;c;cc;cxx;def;odl;idl;hpj;bat;asm;asmx</Extensions>
    </Filter>
    <Filter Include="Header Files">
      <UniqueIdentifier>{93995380-89BD-4b04-88EB-625FBE52EBFB}</UniqueIdentifier>
      <Extensions>h;hh;hpp;hxx;hm;inl;inc;xsd</Extensions>
    </Filter>
    <Filter Include="Resource Files">
      <UniqueIdentifier>{67DA6AB6-F800-4c08-8B7A-83BB121AAD01}</UniqueIdentifier>
      <Extensions>rc;ico;cur;bmp;dlg;rc2;rct;bin;rgs;gif;jpg;jpeg;jpe;resx;tiff;tif;png;wav;mfcribbon-ms</Extensions>
    </Filter>
    <Filter Include="Header Files\gui">
      <UniqueIdentifier>{0178c817-c246-4a2e-82ed-4eecbfe2ec92}</UniqueIdentifier>
    </Filter>
    <Filter Include="Header Files\main">
      <UniqueIdentifier>{5ee0d1a2-989f-45e2-a6ea-cc30b5ebee30}</UniqueIdentifier>
    </Filter>
    <Filter Include="Header Files\map">
      <UniqueIdentifier>{126bebc6-db1f-41a0-8ab1-6e4724e518b7}</UniqueIdentifier>
    </Filter>
    <Filter Include="Header Files\title">
      <UniqueIdentifier>{b5d17fa2-bc12-45a6-b1e8-aaafaf57cd5f}</UniqueIdentifier>
    </Filter>
    <Filter Include="Source Files\gui">
      <UniqueIdentifier>{1430b8bd-77f1-44de-bfc1-8f4e11b9019d}</UniqueIdentifier>
    </Filter>
    <Filter Include="Source Files\main">
      <UniqueIdentifier>{90f04ee8-fafe-4e3a-92f0-05d9c0d137f3}</UniqueIdentifier>
    </Filter>
    <Filter Include="Source Files\map">
      <UniqueIdentifier>{5b19711b-3690-478a-baec-9477f299cf82}</UniqueIdentifier>
    </Filter>
    <Filter Include="Source Files\title">
      <UniqueIdentifier>{0aa7ec40-184c-4aeb-8c92-bf4398763829}</UniqueIdentifier>
    </Filter>
    <Filter Include="Source Files\notify">
      <UniqueIdentifier>{fb4037a4-d395-47ed-b77b-368590092f2a}</UniqueIdentifier>
    </Filter>
    <Filter Include="Header Files\notify">
      <UniqueIdentifier>{c2c556d2-7f87-4178-ab56-151fcad233a3}</UniqueIdentifier>
    </Filter>
    <Filter Include="Source Files\lobby">
      <UniqueIdentifier>{46f4dbf9-2a06-46e5-a8cb-76f3aa35b405}</UniqueIdentifier>
    </Filter>
    <Filter Include="Header Files\lobby">
      <UniqueIdentifier>{c6c45c00-1aae-4b14-9ad4-03ca781a4f51}</UniqueIdentifier>
    </Filter>
    <Filter Include="Header Files\shared">
      <UniqueIdentifier>{c4029958-b833-4973-8a85-c5b3b2dd02f7}</UniqueIdentifier>
    </Filter>
    <Filter Include="Header Files\shared\util">
      <UniqueIdentifier>{83cdbdaa-4b35-45ab-b821-9532c531a42f}</UniqueIdentifier>
    </Filter>
    <Filter Include="Header Files\shared\server">
      <UniqueIdentifier>{e31a917e-40b5-4c47-b93f-162e40784f7a}</UniqueIdentifier>
    </Filter>
    <Filter Include="Header Files\game">
      <UniqueIdentifier>{3c308990-8a6c-4062-9904-3dc2b2faadb5}</UniqueIdentifier>
    </Filter>
    <Filter Include="Header Files\shared\game">
      <UniqueIdentifier>{139a1905-d8a2-428c-8344-11293f9330d6}</UniqueIdentifier>
    </Filter>
    <Filter Include="Header Files\game\animations">
      <UniqueIdentifier>{61ac7e4b-3184-4c9e-8b20-1d1f204a9ce3}</UniqueIdentifier>
    </Filter>
    <Filter Include="Header Files\game\animations\particles">
      <UniqueIdentifier>{93e61272-4a90-4c7e-ba86-15db01b67e28}</UniqueIdentifier>
    </Filter>
    <Filter Include="Header Files\client">
      <UniqueIdentifier>{55481ed5-bf17-4eba-97dd-dbe5c1b73c2f}</UniqueIdentifier>
    </Filter>
    <Filter Include="Source Files\shared">
      <UniqueIdentifier>{cf569284-ffcc-45bf-89aa-4b3773fe983e}</UniqueIdentifier>
    </Filter>
    <Filter Include="Source Files\shared\game">
      <UniqueIdentifier>{71e6a70c-efc1-4a97-be77-e8f03119bbf1}</UniqueIdentifier>
    </Filter>
    <Filter Include="Source Files\shared\server">
      <UniqueIdentifier>{3d27cc85-ac70-40e5-82de-e3678be4445c}</UniqueIdentifier>
    </Filter>
    <Filter Include="Source Files\shared\utils">
      <UniqueIdentifier>{4e26f836-d57d-49b9-a8e6-bb6645c485b0}</UniqueIdentifier>
    </Filter>
    <Filter Include="Source Files\game">
      <UniqueIdentifier>{94c8b5d2-84da-4c90-a373-f7ede3f073e7}</UniqueIdentifier>
    </Filter>
    <Filter Include="Source Files\game\animations">
      <UniqueIdentifier>{6f8e89a8-a95f-49dd-bd01-886540dcf17e}</UniqueIdentifier>
    </Filter>
    <Filter Include="Source Files\game\animations\particles">
      <UniqueIdentifier>{2c21df80-7b20-4ded-8fda-0d1f3b4ade24}</UniqueIdentifier>
    </Filter>
    <Filter Include="Source Files\client">
      <UniqueIdentifier>{00de5b4a-5bdd-434b-bd57-afd3b96657e0}</UniqueIdentifier>
    </Filter>
  </ItemGroup>
  <ItemGroup>
    <Text Include="ReadMe.txt" />
  </ItemGroup>
  <ItemGroup>
    <ClInclude Include="targetver.h">
      <Filter>Header Files</Filter>
    </ClInclude>
    <ClInclude Include="include\Global.h">
      <Filter>Header Files</Filter>
    </ClInclude>
    <ClInclude Include="include\Main.h">
      <Filter>Header Files</Filter>
    </ClInclude>
    <ClInclude Include="include\ResourceLoader.h">
      <Filter>Header Files</Filter>
    </ClInclude>
    <ClInclude Include="include\title\TitleScreen.h">
      <Filter>Header Files\title</Filter>
    </ClInclude>
    <ClInclude Include="include\map\MapScreen.h">
      <Filter>Header Files\map</Filter>
    </ClInclude>
    <ClInclude Include="include\map\Node.h">
      <Filter>Header Files\map</Filter>
    </ClInclude>
    <ClInclude Include="include\map\ProgramInventoryButton.h">
      <Filter>Header Files\map</Filter>
    </ClInclude>
    <ClInclude Include="include\map\ProgramInventoryDisplay.h">
      <Filter>Header Files\map</Filter>
    </ClInclude>
    <ClInclude Include="include\main\MainScreen.h">
      <Filter>Header Files\main</Filter>
    </ClInclude>
    <ClInclude Include="include\main\MainScreenGlow.h">
      <Filter>Header Files\main</Filter>
    </ClInclude>
    <ClInclude Include="include\gui\GUIButton.h">
      <Filter>Header Files\gui</Filter>
    </ClInclude>
    <ClInclude Include="include\gui\GUIContainer.h">
      <Filter>Header Files\gui</Filter>
    </ClInclude>
    <ClInclude Include="include\gui\GUIObject.h">
      <Filter>Header Files\gui</Filter>
    </ClInclude>
    <ClInclude Include="include\gui\GUISlider.h">
      <Filter>Header Files\gui</Filter>
    </ClInclude>
    <ClInclude Include="include\gui\GUITexture.h">
      <Filter>Header Files\gui</Filter>
    </ClInclude>
    <ClInclude Include="include\notify\NotifyScreen.h">
      <Filter>Header Files\notify</Filter>
    </ClInclude>
    <ClInclude Include="include\lobby\LobbyScreen.h">
      <Filter>Header Files\lobby</Filter>
    </ClInclude>
    <ClInclude Include="include\Standard.h">
      <Filter>Header Files</Filter>
    </ClInclude>
    <ClInclude Include="include\lobby\ChatDisplay.h">
      <Filter>Header Files\lobby</Filter>
    </ClInclude>
    <ClInclude Include="include\main\PromptBox.h">
      <Filter>Header Files\main</Filter>
    </ClInclude>
    <ClInclude Include="include\gui\GUITextbox.h">
      <Filter>Header Files\gui</Filter>
    </ClInclude>
    <ClInclude Include="include\Data.h">
      <Filter>Header Files</Filter>
    </ClInclude>
    <ClInclude Include="..\SpybotShared\server\Message.h">
      <Filter>Header Files\shared\server</Filter>
    </ClInclude>
    <ClInclude Include="..\SpybotShared\server\Server.h">
      <Filter>Header Files\shared\server</Filter>
    </ClInclude>
    <ClInclude Include="..\SpybotShared\Enums.h">
      <Filter>Header Files\shared</Filter>
    </ClInclude>
    <ClInclude Include="..\SpybotShared\utils\Coord.h">
      <Filter>Header Files\shared\util</Filter>
    </ClInclude>
    <ClInclude Include="..\SpybotShared\utils\Entry.h">
      <Filter>Header Files\shared\util</Filter>
    </ClInclude>
    <ClInclude Include="..\SpybotShared\utils\Iterator.h">
      <Filter>Header Files\shared\util</Filter>
    </ClInclude>
    <ClInclude Include="..\SpybotShared\utils\LinkedList.h">
      <Filter>Header Files\shared\util</Filter>
    </ClInclude>
    <ClInclude Include="..\SpybotShared\utils\ListNode.h">
      <Filter>Header Files\shared\util</Filter>
    </ClInclude>
    <ClInclude Include="..\SpybotShared\utils\Map.h">
      <Filter>Header Files\shared\util</Filter>
    </ClInclude>
    <ClInclude Include="..\SpybotShared\utils\MiscUtil.h">
      <Filter>Header Files\shared\util</Filter>
    </ClInclude>
    <ClInclude Include="..\SpybotShared\utils\Pair.h">
      <Filter>Header Files\shared\util</Filter>
    </ClInclude>
    <ClInclude Include="..\SpybotShared\utils\Timer.h">
      <Filter>Header Files\shared\util</Filter>
    </ClInclude>
    <ClInclude Include="..\SpybotShared\game\AIBasic.h">
      <Filter>Header Files\shared\game</Filter>
    </ClInclude>
    <ClInclude Include="..\SpybotShared\game\AICore.h">
      <Filter>Header Files\shared\game</Filter>
    </ClInclude>
    <ClInclude Include="..\SpybotShared\game\AIModerate.h">
      <Filter>Header Files\shared\game</Filter>
    </ClInclude>
    <ClInclude Include="..\SpybotShared\game\Game.h">
      <Filter>Header Files\shared\game</Filter>
    </ClInclude>
    <ClInclude Include="..\SpybotShared\game\Player.h">
      <Filter>Header Files\shared\game</Filter>
    </ClInclude>
    <ClInclude Include="..\SpybotShared\game\Program.h">
      <Filter>Header Files\shared\game</Filter>
    </ClInclude>
    <ClInclude Include="..\SpybotShared\game\ProgramAction.h">
      <Filter>Header Files\shared\game</Filter>
    </ClInclude>
    <ClInclude Include="..\SpybotShared\game\Team.h">
      <Filter>Header Files\shared\game</Filter>
    </ClInclude>
    <ClInclude Include="include\game\GameScreen.h">
      <Filter>Header Files\game</Filter>
    </ClInclude>
    <ClInclude Include="include\game\PlayerDisplayContainer.h">
      <Filter>Header Files\game</Filter>
    </ClInclude>
    <ClInclude Include="include\game\ProgramDisplayActionButton.h">
      <Filter>Header Files\game</Filter>
    </ClInclude>
    <ClInclude Include="include\game\ProgramDisplayContainer.h">
      <Filter>Header Files\game</Filter>
    </ClInclude>
    <ClInclude Include="include\game\animations\Animation.h">
      <Filter>Header Files\game\animations</Filter>
    </ClInclude>
    <ClInclude Include="include\game\animations\AnimationAttack.h">
      <Filter>Header Files\game\animations</Filter>
    </ClInclude>
    <ClInclude Include="include\game\animations\AnimationSelect.h">
      <Filter>Header Files\game\animations</Filter>
    </ClInclude>
    <ClInclude Include="include\game\animations\AnimationTileFade.h">
      <Filter>Header Files\game\animations</Filter>
    </ClInclude>
    <ClInclude Include="include\game\animations\particles\AnimationParticle.h">
      <Filter>Header Files\game\animations\particles</Filter>
    </ClInclude>
    <ClInclude Include="include\game\animations\particles\AnimationParticleSelectRing.h">
      <Filter>Header Files\game\animations\particles</Filter>
    </ClInclude>
    <ClInclude Include="include\game\animations\particles\AnimationParticleSquareSpeck.h">
      <Filter>Header Files\game\animations\particles</Filter>
    </ClInclude>
    <ClInclude Include="include\client\Client.h">
      <Filter>Header Files\client</Filter>
    </ClInclude>
    <ClInclude Include="include\client\ClientMirror.h">
      <Filter>Header Files\client</Filter>
    </ClInclude>
    <ClInclude Include="..\SpybotShared\server\User.h">
      <Filter>Header Files\shared\server</Filter>
    </ClInclude>
    <ClInclude Include="include\notify\Notification.h">
      <Filter>Header Files\notify</Filter>
    </ClInclude>
    <ClInclude Include="include\Pipe.h">
      <Filter>Header Files</Filter>
    </ClInclude>
    <ClInclude Include="include\client\ConnectionManager.h">
      <Filter>Header Files\client</Filter>
    </ClInclude>
    <ClInclude Include="..\SpybotShared\server\CommandProcessor.h">
      <Filter>Header Files\shared\server</Filter>
    </ClInclude>
  </ItemGroup>
  <ItemGroup>
    <ClCompile Include="src\Global.cpp">
      <Filter>Source Files</Filter>
    </ClCompile>
    <ClCompile Include="src\Main.cpp">
      <Filter>Source Files</Filter>
    </ClCompile>
    <ClCompile Include="src\ResourceLoader.cpp">
      <Filter>Source Files</Filter>
    </ClCompile>
    <ClCompile Include="src\gui\GUIButton.cpp">
      <Filter>Source Files\gui</Filter>
    </ClCompile>
    <ClCompile Include="src\gui\GUIContainer.cpp">
      <Filter>Source Files\gui</Filter>
    </ClCompile>
    <ClCompile Include="src\gui\GUIObject.cpp">
      <Filter>Source Files\gui</Filter>
    </ClCompile>
    <ClCompile Include="src\gui\GUISlider.cpp">
      <Filter>Source Files\gui</Filter>
    </ClCompile>
    <ClCompile Include="src\gui\GUITexture.cpp">
      <Filter>Source Files\gui</Filter>
    </ClCompile>
    <ClCompile Include="src\main\MainScreen.cpp">
      <Filter>Source Files\main</Filter>
    </ClCompile>
    <ClCompile Include="src\main\MainScreenGlow.cpp">
      <Filter>Source Files\main</Filter>
    </ClCompile>
    <ClCompile Include="src\map\MapScreen.cpp">
      <Filter>Source Files\map</Filter>
    </ClCompile>
    <ClCompile Include="src\map\Node.cpp">
      <Filter>Source Files\map</Filter>
    </ClCompile>
    <ClCompile Include="src\map\ProgramInventoryButton.cpp">
      <Filter>Source Files\map</Filter>
    </ClCompile>
    <ClCompile Include="src\map\ProgramInventoryDisplay.cpp">
      <Filter>Source Files\map</Filter>
    </ClCompile>
    <ClCompile Include="src\title\TitleScreen.cpp">
      <Filter>Source Files\title</Filter>
    </ClCompile>
    <ClCompile Include="src\notify\NotifyScreen.cpp">
      <Filter>Source Files\notify</Filter>
    </ClCompile>
    <ClCompile Include="src\lobby\LobbyScreen.cpp">
      <Filter>Source Files\lobby</Filter>
    </ClCompile>
    <ClCompile Include="src\lobby\ChatDisplay.cpp">
      <Filter>Source Files\lobby</Filter>
    </ClCompile>
    <ClCompile Include="src\main\PromptBox.cpp">
      <Filter>Source Files\main</Filter>
    </ClCompile>
    <ClCompile Include="src\gui\GUITextbox.cpp">
      <Filter>Source Files\gui</Filter>
    </ClCompile>
    <ClCompile Include="src\Data.cpp">
      <Filter>Source Files</Filter>
    </ClCompile>
    <ClCompile Include="..\SpybotShared\game\AIBasic.cpp">
      <Filter>Source Files\shared\game</Filter>
    </ClCompile>
    <ClCompile Include="..\SpybotShared\game\AICore.cpp">
      <Filter>Source Files\shared\game</Filter>
    </ClCompile>
    <ClCompile Include="..\SpybotShared\game\AIModerate.cpp">
      <Filter>Source Files\shared\game</Filter>
    </ClCompile>
    <ClCompile Include="..\SpybotShared\game\Game.cpp">
      <Filter>Source Files\shared\game</Filter>
    </ClCompile>
    <ClCompile Include="..\SpybotShared\game\Player.cpp">
      <Filter>Source Files\shared\game</Filter>
    </ClCompile>
    <ClCompile Include="..\SpybotShared\game\Program.cpp">
      <Filter>Source Files\shared\game</Filter>
    </ClCompile>
    <ClCompile Include="..\SpybotShared\game\ProgramAction.cpp">
      <Filter>Source Files\shared\game</Filter>
    </ClCompile>
    <ClCompile Include="..\SpybotShared\game\Team.cpp">
      <Filter>Source Files\shared\game</Filter>
    </ClCompile>
    <ClCompile Include="..\SpybotShared\utils\MiscUtil.cpp">
      <Filter>Source Files\shared\utils</Filter>
    </ClCompile>
    <ClCompile Include="..\SpybotShared\utils\Timer.cpp">
      <Filter>Source Files\shared\utils</Filter>
    </ClCompile>
    <ClCompile Include="..\SpybotShared\server\Message.cpp">
      <Filter>Source Files\shared\server</Filter>
    </ClCompile>
    <ClCompile Include="..\SpybotShared\server\Server.cpp">
      <Filter>Source Files\shared\server</Filter>
    </ClCompile>
    <ClCompile Include="..\SpybotShared\server\User.cpp">
      <Filter>Source Files\shared\server</Filter>
    </ClCompile>
    <ClCompile Include="src\game\GameScreen.cpp">
      <Filter>Source Files\game</Filter>
    </ClCompile>
    <ClCompile Include="src\game\PlayerDisplayContainer.cpp">
      <Filter>Source Files\game</Filter>
    </ClCompile>
    <ClCompile Include="src\game\ProgramDisplayActionButton.cpp">
      <Filter>Source Files\game</Filter>
    </ClCompile>
    <ClCompile Include="src\game\ProgramDisplayContainer.cpp">
      <Filter>Source Files\game</Filter>
    </ClCompile>
    <ClCompile Include="src\game\animations\Animation.cpp">
      <Filter>Source Files\game\animations</Filter>
    </ClCompile>
    <ClCompile Include="src\game\animations\AnimationAttack.cpp">
      <Filter>Source Files\game\animations</Filter>
    </ClCompile>
    <ClCompile Include="src\game\animations\AnimationSelect.cpp">
      <Filter>Source Files\game\animations</Filter>
    </ClCompile>
    <ClCompile Include="src\game\animations\AnimationTileFade.cpp">
      <Filter>Source Files\game\animations</Filter>
    </ClCompile>
    <ClCompile Include="src\game\animations\particles\AnimationParticle.cpp">
      <Filter>Source Files\game\animations\particles</Filter>
    </ClCompile>
    <ClCompile Include="src\game\animations\particles\AnimationParticleSelectRing.cpp">
      <Filter>Source Files\game\animations\particles</Filter>
    </ClCompile>
    <ClCompile Include="src\game\animations\particles\AnimationParticleSquareSpeck.cpp">
      <Filter>Source Files\game\animations\particles</Filter>
    </ClCompile>
    <ClCompile Include="src\client\Client.cpp">
      <Filter>Source Files\client</Filter>
    </ClCompile>
    <ClCompile Include="src\client\ClientMirror.cpp">
      <Filter>Source Files\client</Filter>
    </ClCompile>
    <ClCompile Include="src\notify\Notification.cpp">
      <Filter>Source Files\notify</Filter>
    </ClCompile>
    <ClCompile Include="src\Pipe.cpp">
      <Filter>Source Files</Filter>
    </ClCompile>
    <ClCompile Include="src\client\ConnectionManager.cpp">
      <Filter>Source Files\client</Filter>
    </ClCompile>
    <ClCompile Include="..\SpybotShared\server\CommandProcessor.cpp">
      <Filter>Source Files\shared\server</Filter>
    </ClCompile>
  </ItemGroup>
  <ItemGroup>
    <ResourceCompile Include="include\icon.rc">
      <Filter>Resource Files</Filter>
    </ResourceCompile>
  </ItemGroup>
</Project>