<?xml version="1.0" encoding="utf-8"?>
<Project ToolsVersion="4.0" xmlns="http://schemas.microsoft.com/developer/msbuild/2003">
  <ItemGroup>
    <Filter Include="Source Files">
      <UniqueIdentifier>{4FC737F1-C7A5-4376-A066-2A32D752A2FF}</UniqueIdentifier>
      <Extensions>cpp;c;cc;cxx;def;odl;idl;hpj;bat;asm;asmx</Extensions>
    </Filter>
    <Filter Include="Header Files">
      <UniqueIdentifier>{93995380-89BD-4b04-88EB-625FBE52EBFB}</UniqueIdentifier>
      <Extensions>h;hh;hpp;hxx;hm;inl;inc;xsd</Extensions>
    </Filter>
  </ItemGroup>
  <ItemGroup>
    <ClCompile Include="game\AIBasic.cpp">
      <Filter>Source Files</Filter>
    </ClCompile>
    <ClCompile Include="game\AICore.cpp">
      <Filter>Source Files</Filter>
    </ClCompile>
    <ClCompile Include="game\AIModerate.cpp">
      <Filter>Source Files</Filter>
    </ClCompile>
    <ClCompile Include="game\Game.cpp">
      <Filter>Source Files</Filter>
    </ClCompile>
    <ClCompile Include="game\Player.cpp">
      <Filter>Source Files</Filter>
    </ClCompile>
    <ClCompile Include="game\Program.cpp">
      <Filter>Source Files</Filter>
    </ClCompile>
    <ClCompile Include="game\ProgramAction.cpp">
      <Filter>Source Files</Filter>
    </ClCompile>
    <ClCompile Include="game\SpawnGroup.cpp">
      <Filter>Source Files</Filter>
    </ClCompile>
    <ClCompile Include="game\Team.cpp">
      <Filter>Source Files</Filter>
    </ClCompile>
    <ClCompile Include="presets\ActionPreset.cpp">
      <Filter>Source Files</Filter>
    </ClCompile>
    <ClCompile Include="presets\ProgramPreset.cpp">
      <Filter>Source Files</Filter>
    </ClCompile>
    <ClCompile Include="server\CommandProcessor.cpp">
      <Filter>Source Files</Filter>
    </ClCompile>
    <ClCompile Include="server\GameConfig.cpp">
      <Filter>Source Files</Filter>
    </ClCompile>
    <ClCompile Include="server\Message.cpp">
      <Filter>Source Files</Filter>
    </ClCompile>
    <ClCompile Include="server\Server.cpp">
      <Filter>Source Files</Filter>
    </ClCompile>
    <ClCompile Include="server\User.cpp">
      <Filter>Source Files</Filter>
    </ClCompile>
    <ClCompile Include="utils\Logger.cpp">
      <Filter>Source Files</Filter>
    </ClCompile>
    <ClCompile Include="utils\MiscUtil.cpp">
      <Filter>Source Files</Filter>
    </ClCompile>
    <ClCompile Include="utils\NameGenerator.cpp">
      <Filter>Source Files</Filter>
    </ClCompile>
    <ClCompile Include="utils\Timer.cpp">
      <Filter>Source Files</Filter>
    </ClCompile>
  </ItemGroup>
  <ItemGroup>
    <ClInclude Include="Enums.h">
      <Filter>Header Files</Filter>
    </ClInclude>
    <ClInclude Include="game\AIBasic.h">
      <Filter>Header Files</Filter>
    </ClInclude>
    <ClInclude Include="game\AICore.h">
      <Filter>Header Files</Filter>
    </ClInclude>
    <ClInclude Include="game\AIModerate.h">
      <Filter>Header Files</Filter>
    </ClInclude>
    <ClInclude Include="game\Game.h">
      <Filter>Header Files</Filter>
    </ClInclude>
    <ClInclude Include="game\Player.h">
      <Filter>Header Files</Filter>
    </ClInclude>
    <ClInclude Include="game\Program.h">
      <Filter>Header Files</Filter>
    </ClInclude>
    <ClInclude Include="game\ProgramAction.h">
      <Filter>Header Files</Filter>
    </ClInclude>
    <ClInclude Include="game\SpawnGroup.h">
      <Filter>Header Files</Filter>
    </ClInclude>
    <ClInclude Include="game\Team.h">
      <Filter>Header Files</Filter>
    </ClInclude>
    <ClInclude Include="presets\ActionPreset.h">
      <Filter>Header Files</Filter>
    </ClInclude>
    <ClInclude Include="presets\ProgramPreset.h">
      <Filter>Header Files</Filter>
    </ClInclude>
    <ClInclude Include="server\CommandProcessor.h">
      <Filter>Header Files</Filter>
    </ClInclude>
    <ClInclude Include="server\GameConfig.h">
      <Filter>Header Files</Filter>
    </ClInclude>
    <ClInclude Include="server\Message.h">
      <Filter>Header Files</Filter>
    </ClInclude>
    <ClInclude Include="server\Server.h">
      <Filter>Header Files</Filter>
    </ClInclude>
    <ClInclude Include="server\User.h">
      <Filter>Header Files</Filter>
    </ClInclude>
    <ClInclude Include="utils\Coord.h">
      <Filter>Header Files</Filter>
    </ClInclude>
    <ClInclude Include="utils\Entry.h">
      <Filter>Header Files</Filter>
    </ClInclude>
    <ClInclude Include="utils\Iterator.h">
      <Filter>Header Files</Filter>
    </ClInclude>
    <ClInclude Include="utils\LinkedList.h">
      <Filter>Header Files</Filter>
    </ClInclude>
    <ClInclude Include="utils\ListNode.h">
      <Filter>Header Files</Filter>
    </ClInclude>
    <ClInclude Include="utils\Logger.h">
      <Filter>Header Files</Filter>
    </ClInclude>
    <ClInclude Include="utils\Map.h">
      <Filter>Header Files</Filter>
    </ClInclude>
    <ClInclude Include="utils\MiscUtil.h">
      <Filter>Header Files</Filter>
    </ClInclude>
    <ClInclude Include="utils\NameGenerator.h">
      <Filter>Header Files</Filter>
    </ClInclude>
    <ClInclude Include="utils\Pair.h">
      <Filter>Header Files</Filter>
    </ClInclude>
    <ClInclude Include="utils\Timer.h">
      <Filter>Header Files</Filter>
    </ClInclude>
    <ClInclude Include="resource.h">
      <Filter>Header Files</Filter>
    </ClInclude>
    <ClInclude Include="..\SpybotServer\include\Standard.h">
      <Filter>Header Files</Filter>
    </ClInclude>
  </ItemGroup>
</Project>