<?xml version="1.0" encoding="utf-8"?>
<Project ToolsVersion="4.0" xmlns="http://schemas.microsoft.com/developer/msbuild/2003">
  <ItemGroup>
    <Filter Include="Source Files">
      <UniqueIdentifier>{4FC737F1-C7A5-4376-A066-2A32D752A2FF}</UniqueIdentifier>
      <Extensions>cpp;c;cc;cxx;def;odl;idl;hpj;bat;asm;asmx</Extensions>
    </Filter>
    <Filter Include="Header Files">
      <UniqueIdentifier>{93995380-89BD-4b04-88EB-625FBE52EBFB}</UniqueIdentifier>
      <Extensions>h;hh;hpp;hxx;hm;inl;inc;xsd</Extensions>
    </Filter>
    <Filter Include="Resource Files">
      <UniqueIdentifier>{67DA6AB6-F800-4c08-8B7A-83BB121AAD01}</UniqueIdentifier>
      <Extensions>rc;ico;cur;bmp;dlg;rc2;rct;bin;rgs;gif;jpg;jpeg;jpe;resx;tiff;tif;png;wav;mfcribbon-ms</Extensions>
    </Filter>
    <Filter Include="Source Files\shared">
      <UniqueIdentifier>{f5147e14-4cbf-430f-8ee9-3d88a1a3b3f5}</UniqueIdentifier>
    </Filter>
    <Filter Include="Source Files\shared\util">
      <UniqueIdentifier>{986b6aa2-d63d-4f41-afb9-fe862ddf1758}</UniqueIdentifier>
    </Filter>
    <Filter Include="Source Files\shared\server">
      <UniqueIdentifier>{416ac636-511b-47f6-bed2-3d56e21073ed}</UniqueIdentifier>
    </Filter>
    <Filter Include="Header Files\shared">
      <UniqueIdentifier>{2b2b6e5d-15ae-479b-93a1-2103aac49b16}</UniqueIdentifier>
    </Filter>
    <Filter Include="Source Files\shared\game">
      <UniqueIdentifier>{d89cd1b1-9e68-46cc-b958-f7c312b659f4}</UniqueIdentifier>
    </Filter>
    <Filter Include="Header Files\shared\util">
      <UniqueIdentifier>{08329a0a-4943-48d3-90f4-184f4e0cc579}</UniqueIdentifier>
    </Filter>
    <Filter Include="Header Files\shared\server">
      <UniqueIdentifier>{b52fcbfc-6927-47d5-8c1d-6242abb6b1ab}</UniqueIdentifier>
    </Filter>
    <Filter Include="Header Files\shared\game">
      <UniqueIdentifier>{00d5152b-4606-4a4e-ac6a-2373a0487c33}</UniqueIdentifier>
    </Filter>
  </ItemGroup>
  <ItemGroup>
    <Text Include="ReadMe.txt" />
  </ItemGroup>
  <ItemGroup>
    <ClInclude Include="targetver.h">
      <Filter>Header Files</Filter>
    </ClInclude>
    <ClInclude Include="include\Standard.h">
      <Filter>Header Files</Filter>
    </ClInclude>
    <ClInclude Include="include\Pipe.h">
      <Filter>Header Files</Filter>
    </ClInclude>
    <ClInclude Include="..\SpybotShared\Enums.h">
      <Filter>Header Files\shared</Filter>
    </ClInclude>
    <ClInclude Include="..\SpybotShared\utils\Coord.h">
      <Filter>Header Files\shared\util</Filter>
    </ClInclude>
    <ClInclude Include="..\SpybotShared\utils\Entry.h">
      <Filter>Header Files\shared\util</Filter>
    </ClInclude>
    <ClInclude Include="..\SpybotShared\utils\Iterator.h">
      <Filter>Header Files\shared\util</Filter>
    </ClInclude>
    <ClInclude Include="..\SpybotShared\utils\LinkedList.h">
      <Filter>Header Files\shared\util</Filter>
    </ClInclude>
    <ClInclude Include="..\SpybotShared\utils\ListNode.h">
      <Filter>Header Files\shared\util</Filter>
    </ClInclude>
    <ClInclude Include="..\SpybotShared\utils\Map.h">
      <Filter>Header Files\shared\util</Filter>
    </ClInclude>
    <ClInclude Include="..\SpybotShared\utils\MiscUtil.h">
      <Filter>Header Files\shared\util</Filter>
    </ClInclude>
    <ClInclude Include="..\SpybotShared\utils\Pair.h">
      <Filter>Header Files\shared\util</Filter>
    </ClInclude>
    <ClInclude Include="..\SpybotShared\server\Server.h">
      <Filter>Header Files\shared\server</Filter>
    </ClInclude>
    <ClInclude Include="..\SpybotShared\server\Message.h">
      <Filter>Header Files\shared\server</Filter>
    </ClInclude>
    <ClInclude Include="..\SpybotShared\game\AIBasic.h">
      <Filter>Header Files\shared\game</Filter>
    </ClInclude>
    <ClInclude Include="..\SpybotShared\game\AICore.h">
      <Filter>Header Files\shared\game</Filter>
    </ClInclude>
    <ClInclude Include="..\SpybotShared\game\AIModerate.h">
      <Filter>Header Files\shared\game</Filter>
    </ClInclude>
    <ClInclude Include="..\SpybotShared\game\Game.h">
      <Filter>Header Files\shared\game</Filter>
    </ClInclude>
    <ClInclude Include="..\SpybotShared\game\Player.h">
      <Filter>Header Files\shared\game</Filter>
    </ClInclude>
    <ClInclude Include="..\SpybotShared\game\Program.h">
      <Filter>Header Files\shared\game</Filter>
    </ClInclude>
    <ClInclude Include="..\SpybotShared\game\ProgramAction.h">
      <Filter>Header Files\shared\game</Filter>
    </ClInclude>
    <ClInclude Include="..\SpybotShared\game\Team.h">
      <Filter>Header Files\shared\game</Filter>
    </ClInclude>
    <ClInclude Include="..\SpybotShared\server\User.h">
      <Filter>Header Files\shared\server</Filter>
    </ClInclude>
    <ClInclude Include="include\Global.h">
      <Filter>Header Files</Filter>
    </ClInclude>
    <ClInclude Include="..\SpybotShared\server\CommandProcessor.h">
      <Filter>Header Files\shared\server</Filter>
    </ClInclude>
  </ItemGroup>
  <ItemGroup>
    <ClCompile Include="src\Main.cpp">
      <Filter>Source Files</Filter>
    </ClCompile>
    <ClCompile Include="src\Pipe.cpp">
      <Filter>Source Files</Filter>
    </ClCompile>
    <ClCompile Include="..\SpybotShared\utils\MiscUtil.cpp">
      <Filter>Source Files\shared\util</Filter>
    </ClCompile>
    <ClCompile Include="..\SpybotShared\server\Message.cpp">
      <Filter>Source Files\shared\server</Filter>
    </ClCompile>
    <ClCompile Include="..\SpybotShared\server\Server.cpp">
      <Filter>Source Files\shared\server</Filter>
    </ClCompile>
    <ClCompile Include="..\SpybotShared\game\AIBasic.cpp">
      <Filter>Source Files\shared\game</Filter>
    </ClCompile>
    <ClCompile Include="..\SpybotShared\game\AICore.cpp">
      <Filter>Source Files\shared\game</Filter>
    </ClCompile>
    <ClCompile Include="..\SpybotShared\game\AIModerate.cpp">
      <Filter>Source Files\shared\game</Filter>
    </ClCompile>
    <ClCompile Include="..\SpybotShared\game\Game.cpp">
      <Filter>Source Files\shared\game</Filter>
    </ClCompile>
    <ClCompile Include="..\SpybotShared\game\Player.cpp">
      <Filter>Source Files\shared\game</Filter>
    </ClCompile>
    <ClCompile Include="..\SpybotShared\game\Program.cpp">
      <Filter>Source Files\shared\game</Filter>
    </ClCompile>
    <ClCompile Include="..\SpybotShared\game\ProgramAction.cpp">
      <Filter>Source Files\shared\game</Filter>
    </ClCompile>
    <ClCompile Include="..\SpybotShared\game\Team.cpp">
      <Filter>Source Files\shared\game</Filter>
    </ClCompile>
    <ClCompile Include="..\SpybotShared\server\User.cpp">
      <Filter>Source Files\shared\server</Filter>
    </ClCompile>
    <ClCompile Include="src\Global.cpp">
      <Filter>Source Files</Filter>
    </ClCompile>
    <ClCompile Include="..\SpybotShared\server\CommandProcessor.cpp">
      <Filter>Source Files\shared\server</Filter>
    </ClCompile>
  </ItemGroup>
</Project>