<?xml version="1.0" encoding="utf-8"?>
<Project ToolsVersion="4.0" xmlns="http://schemas.microsoft.com/developer/msbuild/2003">
  <ItemGroup>
    <Filter Include="Source Files">
      <UniqueIdentifier>{4FC737F1-C7A5-4376-A066-2A32D752A2FF}</UniqueIdentifier>
      <Extensions>cpp;c;cc;cxx;def;odl;idl;hpj;bat;asm;asmx</Extensions>
    </Filter>
    <Filter Include="Header Files">
      <UniqueIdentifier>{93995380-89BD-4b04-88EB-625FBE52EBFB}</UniqueIdentifier>
      <Extensions>h;hh;hpp;hxx;hm;inl;inc;xsd</Extensions>
    </Filter>
    <Filter Include="Resource Files">
      <UniqueIdentifier>{67DA6AB6-F800-4c08-8B7A-83BB121AAD01}</UniqueIdentifier>
      <Extensions>rc;ico;cur;bmp;dlg;rc2;rct;bin;rgs;gif;jpg;jpeg;jpe;resx;tiff;tif;png;wav;mfcribbon-ms</Extensions>
    </Filter>
    <Filter Include="Source Files\util">
      <UniqueIdentifier>{986b6aa2-d63d-4f41-afb9-fe862ddf1758}</UniqueIdentifier>
    </Filter>
    <Filter Include="Header Files\util">
      <UniqueIdentifier>{f38088ec-f043-4b1b-9067-c1f0332b1020}</UniqueIdentifier>
    </Filter>
    <Filter Include="Source Files\game">
      <UniqueIdentifier>{38e5fc73-372a-4364-8bad-c4ee92b31af5}</UniqueIdentifier>
    </Filter>
    <Filter Include="Header Files\game">
      <UniqueIdentifier>{c03d2ddb-f1bb-4f11-bcbe-fb22f21cbc10}</UniqueIdentifier>
    </Filter>
  </ItemGroup>
  <ItemGroup>
    <Text Include="ReadMe.txt" />
  </ItemGroup>
  <ItemGroup>
    <ClInclude Include="targetver.h">
      <Filter>Header Files</Filter>
    </ClInclude>
    <ClInclude Include="include\Server.h">
      <Filter>Header Files</Filter>
    </ClInclude>
    <ClInclude Include="include\Enums.h">
      <Filter>Header Files</Filter>
    </ClInclude>
    <ClInclude Include="include\Main.h">
      <Filter>Header Files</Filter>
    </ClInclude>
    <ClInclude Include="..\SpybotShared\Message.h">
      <Filter>Header Files</Filter>
    </ClInclude>
    <ClInclude Include="..\SpybotShared\Coord.h">
      <Filter>Header Files\util</Filter>
    </ClInclude>
    <ClInclude Include="..\SpybotShared\Entry.h">
      <Filter>Header Files\util</Filter>
    </ClInclude>
    <ClInclude Include="..\SpybotShared\Iterator.h">
      <Filter>Header Files\util</Filter>
    </ClInclude>
    <ClInclude Include="..\SpybotShared\LinkedList.h">
      <Filter>Header Files\util</Filter>
    </ClInclude>
    <ClInclude Include="..\SpybotShared\ListNode.h">
      <Filter>Header Files\util</Filter>
    </ClInclude>
    <ClInclude Include="..\SpybotShared\Map.h">
      <Filter>Header Files\util</Filter>
    </ClInclude>
    <ClInclude Include="..\SpybotShared\MiscUtil.h">
      <Filter>Header Files\util</Filter>
    </ClInclude>
    <ClInclude Include="..\SpybotShared\Pair.h">
      <Filter>Header Files\util</Filter>
    </ClInclude>
    <ClInclude Include="include\Standard.h">
      <Filter>Header Files</Filter>
    </ClInclude>
    <ClInclude Include="include\game\Team.h">
      <Filter>Header Files\game</Filter>
    </ClInclude>
    <ClInclude Include="include\Pipe.h">
      <Filter>Header Files</Filter>
    </ClInclude>
    <ClInclude Include="include\game\AIBasic.h">
      <Filter>Header Files\game</Filter>
    </ClInclude>
    <ClInclude Include="include\game\AICore.h">
      <Filter>Header Files\game</Filter>
    </ClInclude>
    <ClInclude Include="include\game\AIModerate.h">
      <Filter>Header Files\game</Filter>
    </ClInclude>
    <ClInclude Include="include\game\Game.h">
      <Filter>Header Files\game</Filter>
    </ClInclude>
    <ClInclude Include="include\game\Player.h">
      <Filter>Header Files\game</Filter>
    </ClInclude>
    <ClInclude Include="include\game\Program.h">
      <Filter>Header Files\game</Filter>
    </ClInclude>
    <ClInclude Include="include\game\ProgramAction.h">
      <Filter>Header Files\game</Filter>
    </ClInclude>
    <ClInclude Include="include\User.h">
      <Filter>Header Files</Filter>
    </ClInclude>
  </ItemGroup>
  <ItemGroup>
    <ClCompile Include="src\Server.cpp">
      <Filter>Source Files</Filter>
    </ClCompile>
    <ClCompile Include="src\Main.cpp">
      <Filter>Source Files</Filter>
    </ClCompile>
    <ClCompile Include="..\SpybotShared\Message.cpp">
      <Filter>Source Files</Filter>
    </ClCompile>
    <ClCompile Include="..\SpybotShared\MiscUtil.cpp">
      <Filter>Source Files\util</Filter>
    </ClCompile>
    <ClCompile Include="src\game\Team.cpp">
      <Filter>Source Files\game</Filter>
    </ClCompile>
    <ClCompile Include="src\game\AIBasic.cpp">
      <Filter>Source Files\game</Filter>
    </ClCompile>
    <ClCompile Include="src\game\AICore.cpp">
      <Filter>Source Files\game</Filter>
    </ClCompile>
    <ClCompile Include="src\game\AIModerate.cpp">
      <Filter>Source Files\game</Filter>
    </ClCompile>
    <ClCompile Include="src\game\Game.cpp">
      <Filter>Source Files\game</Filter>
    </ClCompile>
    <ClCompile Include="src\game\Player.cpp">
      <Filter>Source Files\game</Filter>
    </ClCompile>
    <ClCompile Include="src\game\Program.cpp">
      <Filter>Source Files\game</Filter>
    </ClCompile>
    <ClCompile Include="src\game\ProgramAction.cpp">
      <Filter>Source Files\game</Filter>
    </ClCompile>
    <ClCompile Include="src\Pipe.cpp">
      <Filter>Source Files</Filter>
    </ClCompile>
    <ClCompile Include="src\User.cpp">
      <Filter>Source Files</Filter>
    </ClCompile>
  </ItemGroup>
</Project>